// !$*UTF8*$!
{
	archiveVersion = 1;
	classes = {
	};
	objectVersion = 50;
	objects = {

/* Begin PBXBuildFile section */
		57336FAA237D365800A1F74F /* tenyearViewController.swift in Sources */ = {isa = PBXBuildFile; fileRef = 57336FA9237D365800A1F74F /* tenyearViewController.swift */; };
		577E680A237CFEF100FF9509 /* SharpImageView.swift in Sources */ = {isa = PBXBuildFile; fileRef = 577E6809237CFEF100FF9509 /* SharpImageView.swift */; };
		578FC643237CEA540088C5BA /* AppDelegate.swift in Sources */ = {isa = PBXBuildFile; fileRef = 578FC642237CEA540088C5BA /* AppDelegate.swift */; };
		578FC645237CEA540088C5BA /* SceneDelegate.swift in Sources */ = {isa = PBXBuildFile; fileRef = 578FC644237CEA540088C5BA /* SceneDelegate.swift */; };
		578FC647237CEA540088C5BA /* ViewController.swift in Sources */ = {isa = PBXBuildFile; fileRef = 578FC646237CEA540088C5BA /* ViewController.swift */; };
		578FC64A237CEA540088C5BA /* Main.storyboard in Resources */ = {isa = PBXBuildFile; fileRef = 578FC648237CEA540088C5BA /* Main.storyboard */; };
		578FC64C237CEA580088C5BA /* Assets.xcassets in Resources */ = {isa = PBXBuildFile; fileRef = 578FC64B237CEA580088C5BA /* Assets.xcassets */; };
		578FC64F237CEA580088C5BA /* LaunchScreen.storyboard in Resources */ = {isa = PBXBuildFile; fileRef = 578FC64D237CEA580088C5BA /* LaunchScreen.storyboard */; };
/* End PBXBuildFile section */

/* Begin PBXFileReference section */
		57336FA9237D365800A1F74F /* tenyearViewController.swift */ = {isa = PBXFileReference; lastKnownFileType = sourcecode.swift; path = tenyearViewController.swift; sourceTree = "<group>"; };
		577E6809237CFEF100FF9509 /* SharpImageView.swift */ = {isa = PBXFileReference; lastKnownFileType = sourcecode.swift; path = SharpImageView.swift; sourceTree = "<group>"; };
		578FC63F237CEA540088C5BA /* tenyears.app */ = {isa = PBXFileReference; explicitFileType = wrapper.application; includeInIndex = 0; path = tenyears.app; sourceTree = BUILT_PRODUCTS_DIR; };
		578FC642237CEA540088C5BA /* AppDelegate.swift */ = {isa = PBXFileReference; lastKnownFileType = sourcecode.swift; path = AppDelegate.swift; sourceTree = "<group>"; };
		578FC644237CEA540088C5BA /* SceneDelegate.swift */ = {isa = PBXFileReference; lastKnownFileType = sourcecode.swift; path = SceneDelegate.swift; sourceTree = "<group>"; };
		578FC646237CEA540088C5BA /* ViewController.swift */ = {isa = PBXFileReference; lastKnownFileType = sourcecode.swift; path = ViewController.swift; sourceTree = "<group>"; };
		578FC649237CEA540088C5BA /* Base */ = {isa = PBXFileReference; lastKnownFileType = file.storyboard; name = Base; path = Base.lproj/Main.storyboard; sourceTree = "<group>"; };
		578FC64B237CEA580088C5BA /* Assets.xcassets */ = {isa = PBXFileReference; lastKnownFileType = folder.assetcatalog; path = Assets.xcassets; sourceTree = "<group>"; };
		578FC64E237CEA580088C5BA /* Base */ = {isa = PBXFileReference; lastKnownFileType = file.storyboard; name = Base; path = Base.lproj/LaunchScreen.storyboard; sourceTree = "<group>"; };
		578FC650237CEA580088C5BA /* Info.plist */ = {isa = PBXFileReference; lastKnownFileType = text.plist.xml; path = Info.plist; sourceTree = "<group>"; };
/* End PBXFileReference section */

/* Begin PBXFrameworksBuildPhase section */
		578FC63C237CEA540088C5BA /* Frameworks */ = {
			isa = PBXFrameworksBuildPhase;
			buildActionMask = 2147483647;
			files = (
			);
			runOnlyForDeploymentPostprocessing = 0;
		};
/* End PBXFrameworksBuildPhase section */

/* Begin PBXGroup section */
		578FC636237CEA540088C5BA = {
			isa = PBXGroup;
			children = (
				578FC641237CEA540088C5BA /* tenyears */,
				578FC640237CEA540088C5BA /* Products */,
			);
			sourceTree = "<group>";
		};
		578FC640237CEA540088C5BA /* Products */ = {
			isa = PBXGroup;
			children = (
				578FC63F237CEA540088C5BA /* tenyears.app */,
			);
			name = Products;
			sourceTree = "<group>";
		};
		578FC641237CEA540088C5BA /* tenyears */ = {
			isa = PBXGroup;
			children = (
				578FC642237CEA540088C5BA /* AppDelegate.swift */,
				578FC644237CEA540088C5BA /* SceneDelegate.swift */,
				578FC646237CEA540088C5BA /* ViewController.swift */,
				578FC648237CEA540088C5BA /* Main.storyboard */,
				57336FA9237D365800A1F74F /* tenyearViewController.swift */,
				577E6809237CFEF100FF9509 /* SharpImageView.swift */,
				578FC64B237CEA580088C5BA /* Assets.xcassets */,
				578FC64D237CEA580088C5BA /* LaunchScreen.storyboard */,
				578FC650237CEA580088C5BA /* Info.plist */,
			);
			path = tenyears;
			sourceTree = "<group>";
		};
/* End PBXGroup section */

/* Begin PBXNativeTarget section */
		578FC63E237CEA540088C5BA /* tenyears */ = {
			isa = PBXNativeTarget;
			buildConfigurationList = 578FC653237CEA580088C5BA /* Build configuration list for PBXNativeTarget "tenyears" */;
			buildPhases = (
				578FC63B237CEA540088C5BA /* Sources */,
				578FC63C237CEA540088C5BA /* Frameworks */,
				578FC63D237CEA540088C5BA /* Resources */,
			);
			buildRules = (
			);
			dependencies = (
			);
			name = tenyears;
			productName = tenyears;
			productReference = 578FC63F237CEA540088C5BA /* tenyears.app */;
			productType = "com.apple.product-type.application";
		};
/* End PBXNativeTarget section */

/* Begin PBXProject section */
		578FC637237CEA540088C5BA /* Project object */ = {
			isa = PBXProject;
			attributes = {
				LastSwiftUpdateCheck = 1120;
				LastUpgradeCheck = 1120;
				ORGANIZATIONNAME = ChiuWanNuo;
				TargetAttributes = {
					578FC63E237CEA540088C5BA = {
						CreatedOnToolsVersion = 11.2;
					};
				};
			};
			buildConfigurationList = 578FC63A237CEA540088C5BA /* Build configuration list for PBXProject "tenyears" */;
			compatibilityVersion = "Xcode 9.3";
			developmentRegion = en;
			hasScannedForEncodings = 0;
			knownRegions = (
				en,
				Base,
			);
			mainGroup = 578FC636237CEA540088C5BA;
			productRefGroup = 578FC640237CEA540088C5BA /* Products */;
			projectDirPath = "";
			projectRoot = "";
			targets = (
				578FC63E237CEA540088C5BA /* tenyears */,
			);
		};
/* End PBXProject section */

/* Begin PBXResourcesBuildPhase section */
		578FC63D237CEA540088C5BA /* Resources */ = {
			isa = PBXResourcesBuildPhase;
			buildActionMask = 2147483647;
			files = (
				578FC64F237CEA580088C5BA /* LaunchScreen.storyboard in Resources */,
				578FC64C237CEA580088C5BA /* Assets.xcassets in Resources */,
				578FC64A237CEA540088C5BA /* Main.storyboard in Resources */,
			);
			runOnlyForDeploymentPostprocessing = 0;
		};
/* End PBXResourcesBuildPhase section */

/* Begin PBXSourcesBuildPhase section */
		578FC63B237CEA540088C5BA /* Sources */ = {
			isa = PBXSourcesBuildPhase;
			buildActionMask = 2147483647;
			files = (
				578FC647237CEA540088C5BA /* ViewController.swift in Sources */,
				578FC643237CEA540088C5BA /* AppDelegate.swift in Sources */,
				57336FAA237D365800A1F74F /* tenyearViewController.swift in Sources */,
				578FC645237CEA540088C5BA /* SceneDelegate.swift in Sources */,
				577E680A237CFEF100FF9509 /* SharpImageView.swift in Sources */,
			);
			runOnlyForDeploymentPostprocessing = 0;
		};
/* End PBXSourcesBuildPhase section */

/* Begin PBXVariantGroup section */
		578FC648237CEA540088C5BA /* Main.storyboard */ = {
			isa = PBXVariantGroup;
			children = (
				578FC649237CEA540088C5BA /* Base */,
			);
			name = Main.storyboard;
			sourceTree = "<group>";
		};
		578FC64D237CEA580088C5BA /* LaunchScreen.storyboard */ = {
			isa = PBXVariantGroup;
			children = (
				578FC64E237CEA580088C5BA /* Base */,
			);
			name = LaunchScreen.storyboard;
			sourceTree = "<group>";
		};
/* End PBXVariantGroup section */

/* Begin XCBuildConfiguration section */
		578FC651237CEA580088C5BA /* Debug */ = {
			isa = XCBuildConfiguration;
			buildSettings = {
				ALWAYS_SEARCH_USER_PATHS = NO;
				CLANG_ANALYZER_NONNULL = YES;
				CLANG_ANALYZER_NUMBER_OBJECT_CONVERSION = YES_AGGRESSIVE;
				CLANG_CXX_LANGUAGE_STANDARD = "gnu++14";
				CLANG_CXX_LIBRARY = "libc++";
				CLANG_ENABLE_MODULES = YES;
				CLANG_ENABLE_OBJC_ARC = YES;
				CLANG_ENABLE_OBJC_WEAK = YES;
				CLANG_WARN_BLOCK_CAPTURE_AUTORELEASING = YES;
				CLANG_WARN_BOOL_CONVERSION = YES;
				CLANG_WARN_COMMA = YES;
				CLANG_WARN_CONSTANT_CONVERSION = YES;
				CLANG_WARN_DEPRECATED_OBJC_IMPLEMENTATIONS = YES;
				CLANG_WARN_DIRECT_OBJC_ISA_USAGE = YES_ERROR;
				CLANG_WARN_DOCUMENTATION_COMMENTS = YES;
				CLANG_WARN_EMPTY_BODY = YES;
				CLANG_WARN_ENUM_CONVERSION = YES;
				CLANG_WARN_INFINITE_RECURSION = YES;
				CLANG_WARN_INT_CONVERSION = YES;
				CLANG_WARN_NON_LITERAL_NULL_CONVERSION = YES;
				CLANG_WARN_OBJC_IMPLICIT_RETAIN_SELF = YES;
				CLANG_WARN_OBJC_LITERAL_CONVERSION = YES;
				CLANG_WARN_OBJC_ROOT_CLASS = YES_ERROR;
				CLANG_WARN_RANGE_LOOP_ANALYSIS = YES;
				CLANG_WARN_STRICT_PROTOTYPES = YES;
				CLANG_WARN_SUSPICIOUS_MOVE = YES;
				CLANG_WARN_UNGUARDED_AVAILABILITY = YES_AGGRESSIVE;
				CLANG_WARN_UNREACHABLE_CODE = YES;
				CLANG_WARN__DUPLICATE_METHOD_MATCH = YES;
				COPY_PHASE_STRIP = NO;
				DEBUG_INFORMATION_FORMAT = dwarf;
				ENABLE_STRICT_OBJC_MSGSEND = YES;
				ENABLE_TESTABILITY = YES;
				GCC_C_LANGUAGE_STANDARD = gnu11;
				GCC_DYNAMIC_NO_PIC = NO;
				GCC_NO_COMMON_BLOCKS = YES;
				GCC_OPTIMIZATION_LEVEL = 0;
				GCC_PREPROCESSOR_DEFINITIONS = (
					"DEBUG=1",
					"$(inherited)",
				);
				GCC_WARN_64_TO_32_BIT_CONVERSION = YES;
				GCC_WARN_ABOUT_RETURN_TYPE = YES_ERROR;
				GCC_WARN_UNDECLARED_SELECTOR = YES;
				GCC_WARN_UNINITIALIZED_AUTOS = YES_AGGRESSIVE;
				GCC_WARN_UNUSED_FUNCTION = YES;
				GCC_WARN_UNUSED_VARIABLE = YES;
				IPHONEOS_DEPLOYMENT_TARGET = 13.2;
				MTL_ENABLE_DEBUG_INFO = INCLUDE_SOURCE;
				MTL_FAST_MATH = YES;
				ONLY_ACTIVE_ARCH = YES;
				SDKROOT = iphoneos;
				SWIFT_ACTIVE_COMPILATION_CONDITIONS = DEBUG;
				SWIFT_OPTIMIZATION_LEVEL = "-Onone";
			};
			name = Debug;
		};
		578FC652237CEA580088C5BA /* Release */ = {
			isa = XCBuildConfiguration;
			buildSettings = {
				ALWAYS_SEARCH_USER_PATHS = NO;
				CLANG_ANALYZER_NONNULL = YES;
				CLANG_ANALYZER_NUMBER_OBJECT_CONVERSION = YES_AGGRESSIVE;
				CLANG_CXX_LANGUAGE_STANDARD = "gnu++14";
				CLANG_CXX_LIBRARY = "libc++";
				CLANG_ENABLE_MODULES = YES;
				CLANG_ENABLE_OBJC_ARC = YES;
				CLANG_ENABLE_OBJC_WEAK = YES;
				CLANG_WARN_BLOCK_CAPTURE_AUTORELEASING = YES;
				CLANG_WARN_BOOL_CONVERSION = YES;
				CLANG_WARN_COMMA = YES;
				CLANG_WARN_CONSTANT_CONVERSION = YES;
				CLANG_WARN_DEPRECATED_OBJC_IMPLEMENTATIONS = YES;
				CLANG_WARN_DIRECT_OBJC_ISA_USAGE = YES_ERROR;
				CLANG_WARN_DOCUMENTATION_COMMENTS = YES;
				CLANG_WARN_EMPTY_BODY = YES;
				CLANG_WARN_ENUM_CONVERSION = YES;
				CLANG_WARN_INFINITE_RECURSION = YES;
				CLANG_WARN_INT_CONVERSION = YES;
				CLANG_WARN_NON_LITERAL_NULL_CONVERSION = YES;
				CLANG_WARN_OBJC_IMPLICIT_RETAIN_SELF = YES;
				CLANG_WARN_OBJC_LITERAL_CONVERSION = YES;
				CLANG_WARN_OBJC_ROOT_CLASS = YES_ERROR;
				CLANG_WARN_RANGE_LOOP_ANALYSIS = YES;
				CLANG_WARN_STRICT_PROTOTYPES = YES;
				CLANG_WARN_SUSPICIOUS_MOVE = YES;
				CLANG_WARN_UNGUARDED_AVAILABILITY = YES_AGGRESSIVE;
				CLANG_WARN_UNREACHABLE_CODE = YES;
				CLANG_WARN__DUPLICATE_METHOD_MATCH = YES;
				COPY_PHASE_STRIP = NO;
				DEBUG_INFORMATION_FORMAT = "dwarf-with-dsym";
				ENABLE_NS_ASSERTIONS = NO;
				ENABLE_STRICT_OBJC_MSGSEND = YES;
				GCC_C_LANGUAGE_STANDARD = gnu11;
				GCC_NO_COMMON_BLOCKS = YES;
				GCC_WARN_64_TO_32_BIT_CONVERSION = YES;
				GCC_WARN_ABOUT_RETURN_TYPE = YES_ERROR;
				GCC_WARN_UNDECLARED_SELECTOR = YES;
				GCC_WARN_UNINITIALIZED_AUTOS = YES_AGGRESSIVE;
				GCC_WARN_UNUSED_FUNCTION = YES;
				GCC_WARN_UNUSED_VARIABLE = YES;
				IPHONEOS_DEPLOYMENT_TARGET = 13.2;
				MTL_ENABLE_DEBUG_INFO = NO;
				MTL_FAST_MATH = YES;
				SDKROOT = iphoneos;
				SWIFT_COMPILATION_MODE = wholemodule;
				SWIFT_OPTIMIZATION_LEVEL = "-O";
				VALIDATE_PRODUCT = YES;
			};
			name = Release;
		};
		578FC654237CEA580088C5BA /* Debug */ = {
			isa = XCBuildConfiguration;
			buildSettings = {
				ASSETCATALOG_COMPILER_APPICON_NAME = AppIcon;
				CODE_SIGN_STYLE = Automatic;
				DEVELOPMENT_TEAM = KJKQFRRLA5;
				INFOPLIST_FILE = tenyears/Info.plist;
				LD_RUNPATH_SEARCH_PATHS = (
					"$(inherited)",
					"@executable_path/Frameworks",
				);
				PRODUCT_BUNDLE_IDENTIFIER = com.wannuo.tenyears;
				PRODUCT_NAME = "$(TARGET_NAME)";
				SWIFT_VERSION = 5.0;
				TARGETED_DEVICE_FAMILY = "1,2";
			};
			name = Debug;
		};
		578FC655237CEA580088C5BA /* Release */ = {
			isa = XCBuildConfiguration;
			buildSettings = {
				ASSETCATALOG_COMPILER_APPICON_NAME = AppIcon;
				CODE_SIGN_STYLE = Automatic;
				DEVELOPMENT_TEAM = KJKQFRRLA5;
				INFOPLIST_FILE = tenyears/Info.plist;
				LD_RUNPATH_SEARCH_PATHS = (
					"$(inherited)",
					"@executable_path/Frameworks",
				);
				PRODUCT_BUNDLE_IDENTIFIER = com.wannuo.tenyears;
				PRODUCT_NAME = "$(TARGET_NAME)";
				SWIFT_VERSION = 5.0;
				TARGETED_DEVICE_FAMILY = "1,2";
			};
			name = Release;
		};
/* End XCBuildConfiguration section */

/* Begin XCConfigurationList section */
		578FC63A237CEA540088C5BA /* Build configuration list for PBXProject "tenyears" */ = {
			isa = XCConfigurationList;
			buildConfigurations = (
				578FC651237CEA580088C5BA /* Debug */,
				578FC652237CEA580088C5BA /* Release */,
			);
			defaultConfigurationIsVisible = 0;
			defaultConfigurationName = Release;
		};
		578FC653237CEA580088C5BA /* Build configuration list for PBXNativeTarget "tenyears" */ = {
			isa = XCConfigurationList;
			buildConfigurations = (
				578FC654237CEA580088C5BA /* Debug */,
				578FC655237CEA580088C5BA /* Release */,
			);
			defaultConfigurationIsVisible = 0;
			defaultConfigurationName = Release;
		};
/* End XCConfigurationList section */
	};
	rootObject = 578FC637237CEA540088C5BA /* Project object */;
}
